
Microsoft Visual Studio Solution File, Format Version 12.00
# Visual Studio Version 17
VisualStudioVersion = 17.6.33829.357
MinimumVisualStudioVersion = 10.0.40219.1
Project("{9A19103F-16F7-4668-BE54-9A1E7A4F7556}") = "NN_MVC1", "NN_MVC1\NN_MVC1.csproj", "{06099B2F-3D6B-4298-B37D-605A97FFABDC}"
EndProject
Global
	GlobalSection(SolutionConfigurationPlatforms) = preSolution
		Debug|Any CPU = Debug|Any CPU
		Release|Any CPU = Release|Any CPU
	EndGlobalSection
	GlobalSection(ProjectConfigurationPlatforms) = postSolution
		{06099B2F-3D6B-4298-B37D-605A97FFABDC}.Debug|Any CPU.ActiveCfg = Debug|Any CPU
		{06099B2F-3D6B-4298-B37D-605A97FFABDC}.Debug|Any CPU.Build.0 = Debug|Any CPU
		{06099B2F-3D6B-4298-B37D-605A97FFABDC}.Release|Any CPU.ActiveCfg = Release|Any CPU
		{06099B2F-3D6B-4298-B37D-605A97FFABDC}.Release|Any CPU.Build.0 = Release|Any CPU
	EndGlobalSection
	GlobalSection(SolutionProperties) = preSolution
		HideSolutionNode = FALSE
	EndGlobalSection
	GlobalSection(ExtensibilityGlobals) = postSolution
		SolutionGuid = {E9F83A70-D254-41A4-8288-C5339E4AC3BC}
	EndGlobalSection
EndGlobal
